
Microsoft Visual Studio Solution File, Format Version 12.00
# Visual Studio Version 17
VisualStudioVersion = 17.14.36804.6 d17.14
MinimumVisualStudioVersion = 10.0.40219.1
Project("{FAE04EC0-301F-11D3-BF4B-00C04F79EFBC}") = "Yummy.WebAPI", "Yummy.WebAPI\Yummy.WebAPI.csproj", "{7C0FCC6E-6767-47E7-B678-69B4B6E1AA17}"
EndProject
Project("{FAE04EC0-301F-11D3-BF4B-00C04F79EFBC}") = "Yummy.Entity", "Yummy.Entity\Yummy.Entity.csproj", "{DA4FAA79-859E-44AA-AC10-EF1F4BD43C4F}"
EndProject
Project("{FAE04EC0-301F-11D3-BF4B-00C04F79EFBC}") = "Yummy.Core", "Yummy.Core\Yummy.Core.csproj", "{C92A43E9-5AD0-494A-9B5D-29082648220F}"
EndProject
Project("{FAE04EC0-301F-11D3-BF4B-00C04F79EFBC}") = "Yummy.Data", "Yummy.Data\Yummy.Data.csproj", "{0548C416-78A3-41B8-9668-EC11FE7C624D}"
EndProject
Project("{FAE04EC0-301F-11D3-BF4B-00C04F79EFBC}") = "Yummy.Business", "Yummy.Business\Yummy.Business.csproj", "{08BF7DF9-32BA-47FB-ACFA-4114FD681C05}"
EndProject
Global
	GlobalSection(SolutionConfigurationPlatforms) = preSolution
		Debug|Any CPU = Debug|Any CPU
		Release|Any CPU = Release|Any CPU
	EndGlobalSection
	GlobalSection(ProjectConfigurationPlatforms) = postSolution
		{7C0FCC6E-6767-47E7-B678-69B4B6E1AA17}.Debug|Any CPU.ActiveCfg = Debug|Any CPU
		{7C0FCC6E-6767-47E7-B678-69B4B6E1AA17}.Debug|Any CPU.Build.0 = Debug|Any CPU
		{7C0FCC6E-6767-47E7-B678-69B4B6E1AA17}.Release|Any CPU.ActiveCfg = Release|Any CPU
		{7C0FCC6E-6767-47E7-B678-69B4B6E1AA17}.Release|Any CPU.Build.0 = Release|Any CPU
		{DA4FAA79-859E-44AA-AC10-EF1F4BD43C4F}.Debug|Any CPU.ActiveCfg = Debug|Any CPU
		{DA4FAA79-859E-44AA-AC10-EF1F4BD43C4F}.Debug|Any CPU.Build.0 = Debug|Any CPU
		{DA4FAA79-859E-44AA-AC10-EF1F4BD43C4F}.Release|Any CPU.ActiveCfg = Release|Any CPU
		{DA4FAA79-859E-44AA-AC10-EF1F4BD43C4F}.Release|Any CPU.Build.0 = Release|Any CPU
		{C92A43E9-5AD0-494A-9B5D-29082648220F}.Debug|Any CPU.ActiveCfg = Debug|Any CPU
		{C92A43E9-5AD0-494A-9B5D-29082648220F}.Debug|Any CPU.Build.0 = Debug|Any CPU
		{C92A43E9-5AD0-494A-9B5D-29082648220F}.Release|Any CPU.ActiveCfg = Release|Any CPU
		{C92A43E9-5AD0-494A-9B5D-29082648220F}.Release|Any CPU.Build.0 = Release|Any CPU
		{0548C416-78A3-41B8-9668-EC11FE7C624D}.Debug|Any CPU.ActiveCfg = Debug|Any CPU
		{0548C416-78A3-41B8-9668-EC11FE7C624D}.Debug|Any CPU.Build.0 = Debug|Any CPU
		{0548C416-78A3-41B8-9668-EC11FE7C624D}.Release|Any CPU.ActiveCfg = Release|Any CPU
		{0548C416-78A3-41B8-9668-EC11FE7C624D}.Release|Any CPU.Build.0 = Release|Any CPU
		{08BF7DF9-32BA-47FB-ACFA-4114FD681C05}.Debug|Any CPU.ActiveCfg = Debug|Any CPU
		{08BF7DF9-32BA-47FB-ACFA-4114FD681C05}.Debug|Any CPU.Build.0 = Debug|Any CPU
		{08BF7DF9-32BA-47FB-ACFA-4114FD681C05}.Release|Any CPU.ActiveCfg = Release|Any CPU
		{08BF7DF9-32BA-47FB-ACFA-4114FD681C05}.Release|Any CPU.Build.0 = Release|Any CPU
	EndGlobalSection
	GlobalSection(SolutionProperties) = preSolution
		HideSolutionNode = FALSE
	EndGlobalSection
	GlobalSection(ExtensibilityGlobals) = postSolution
		SolutionGuid = {66728C59-E0F4-4D30-A4C4-77BC75AF6CF9}
	EndGlobalSection
EndGlobal
